
Microsoft Visual Studio Solution File, Format Version 12.00
# Visual Studio 2013
VisualStudioVersion = 12.0.21005.1
MinimumVisualStudioVersion = 10.0.40219.1
Project("{FAE04EC0-301F-11D3-BF4B-00C04F79EFBC}") = "KarzPlus", "KarzPlus\KarzPlus.csproj", "{965993EC-5EDB-482D-897B-2776A63A84B4}"
	ProjectSection(ProjectDependencies) = postProject
		{57F36643-724B-4FC2-A3AE-92377E5B5A95} = {57F36643-724B-4FC2-A3AE-92377E5B5A95}
	EndProjectSection
EndProject
Project("{FAE04EC0-301F-11D3-BF4B-00C04F79EFBC}") = "KarzPlus.Tests", "KarzPlus.Tests\KarzPlus.Tests.csproj", "{CC3C08EC-AF32-4588-8F35-C6DCE0747C15}"
EndProject
Project("{FAE04EC0-301F-11D3-BF4B-00C04F79EFBC}") = "KarzPlus.Entities", "KarzPlus.Entities\KarzPlus.Entities.csproj", "{57F36643-724B-4FC2-A3AE-92377E5B5A95}"
EndProject
Project("{FAE04EC0-301F-11D3-BF4B-00C04F79EFBC}") = "KarzPlus.Data", "KarzPlus.Data\KarzPlus.Data.csproj", "{ED1DB273-86F8-4F14-99E4-EECCBC4C67C6}"
EndProject
Project("{FAE04EC0-301F-11D3-BF4B-00C04F79EFBC}") = "KarzPlus.Business", "KarzPlus.Business\KarzPlus.Business.csproj", "{726CD8E7-6A88-4821-8C46-0502DFE1EA59}"
EndProject
Project("{2150E333-8FDC-42A3-9474-1A3956D46DE8}") = "Libraries", "Libraries", "{7F1410A7-EAB6-460A-8E47-E0FE5D54E3EF}"
EndProject
Global
	GlobalSection(SolutionConfigurationPlatforms) = preSolution
		Debug|Any CPU = Debug|Any CPU
		JD|Any CPU = JD|Any CPU
		JO|Any CPU = JO|Any CPU
		KE|Any CPU = KE|Any CPU
		Release|Any CPU = Release|Any CPU
	EndGlobalSection
	GlobalSection(ProjectConfigurationPlatforms) = postSolution
		{965993EC-5EDB-482D-897B-2776A63A84B4}.Debug|Any CPU.ActiveCfg = Debug|Any CPU
		{965993EC-5EDB-482D-897B-2776A63A84B4}.Debug|Any CPU.Build.0 = Debug|Any CPU
		{965993EC-5EDB-482D-897B-2776A63A84B4}.JD|Any CPU.ActiveCfg = JD|Any CPU
		{965993EC-5EDB-482D-897B-2776A63A84B4}.JD|Any CPU.Build.0 = JD|Any CPU
		{965993EC-5EDB-482D-897B-2776A63A84B4}.JO|Any CPU.ActiveCfg = JO|Any CPU
		{965993EC-5EDB-482D-897B-2776A63A84B4}.JO|Any CPU.Build.0 = JO|Any CPU
		{965993EC-5EDB-482D-897B-2776A63A84B4}.KE|Any CPU.ActiveCfg = KE|Any CPU
		{965993EC-5EDB-482D-897B-2776A63A84B4}.KE|Any CPU.Build.0 = KE|Any CPU
		{965993EC-5EDB-482D-897B-2776A63A84B4}.Release|Any CPU.ActiveCfg = Release|Any CPU
		{965993EC-5EDB-482D-897B-2776A63A84B4}.Release|Any CPU.Build.0 = Release|Any CPU
		{CC3C08EC-AF32-4588-8F35-C6DCE0747C15}.Debug|Any CPU.ActiveCfg = Debug|Any CPU
		{CC3C08EC-AF32-4588-8F35-C6DCE0747C15}.Debug|Any CPU.Build.0 = Debug|Any CPU
		{CC3C08EC-AF32-4588-8F35-C6DCE0747C15}.JD|Any CPU.ActiveCfg = JD|Any CPU
		{CC3C08EC-AF32-4588-8F35-C6DCE0747C15}.JD|Any CPU.Build.0 = JD|Any CPU
		{CC3C08EC-AF32-4588-8F35-C6DCE0747C15}.JO|Any CPU.ActiveCfg = JO|Any CPU
		{CC3C08EC-AF32-4588-8F35-C6DCE0747C15}.JO|Any CPU.Build.0 = JO|Any CPU
		{CC3C08EC-AF32-4588-8F35-C6DCE0747C15}.KE|Any CPU.ActiveCfg = KE|Any CPU
		{CC3C08EC-AF32-4588-8F35-C6DCE0747C15}.KE|Any CPU.Build.0 = KE|Any CPU
		{CC3C08EC-AF32-4588-8F35-C6DCE0747C15}.Release|Any CPU.ActiveCfg = Release|Any CPU
		{CC3C08EC-AF32-4588-8F35-C6DCE0747C15}.Release|Any CPU.Build.0 = Release|Any CPU
		{57F36643-724B-4FC2-A3AE-92377E5B5A95}.Debug|Any CPU.ActiveCfg = Debug|Any CPU
		{57F36643-724B-4FC2-A3AE-92377E5B5A95}.Debug|Any CPU.Build.0 = Debug|Any CPU
		{57F36643-724B-4FC2-A3AE-92377E5B5A95}.JD|Any CPU.ActiveCfg = JD|Any CPU
		{57F36643-724B-4FC2-A3AE-92377E5B5A95}.JD|Any CPU.Build.0 = JD|Any CPU
		{57F36643-724B-4FC2-A3AE-92377E5B5A95}.JO|Any CPU.ActiveCfg = JO|Any CPU
		{57F36643-724B-4FC2-A3AE-92377E5B5A95}.JO|Any CPU.Build.0 = JO|Any CPU
		{57F36643-724B-4FC2-A3AE-92377E5B5A95}.KE|Any CPU.ActiveCfg = KE|Any CPU
		{57F36643-724B-4FC2-A3AE-92377E5B5A95}.KE|Any CPU.Build.0 = KE|Any CPU
		{57F36643-724B-4FC2-A3AE-92377E5B5A95}.Release|Any CPU.ActiveCfg = Release|Any CPU
		{57F36643-724B-4FC2-A3AE-92377E5B5A95}.Release|Any CPU.Build.0 = Release|Any CPU
		{ED1DB273-86F8-4F14-99E4-EECCBC4C67C6}.Debug|Any CPU.ActiveCfg = Debug|Any CPU
		{ED1DB273-86F8-4F14-99E4-EECCBC4C67C6}.Debug|Any CPU.Build.0 = Debug|Any CPU
		{ED1DB273-86F8-4F14-99E4-EECCBC4C67C6}.JD|Any CPU.ActiveCfg = JD|Any CPU
		{ED1DB273-86F8-4F14-99E4-EECCBC4C67C6}.JD|Any CPU.Build.0 = JD|Any CPU
		{ED1DB273-86F8-4F14-99E4-EECCBC4C67C6}.JO|Any CPU.ActiveCfg = JO|Any CPU
		{ED1DB273-86F8-4F14-99E4-EECCBC4C67C6}.JO|Any CPU.Build.0 = JO|Any CPU
		{ED1DB273-86F8-4F14-99E4-EECCBC4C67C6}.KE|Any CPU.ActiveCfg = KE|Any CPU
		{ED1DB273-86F8-4F14-99E4-EECCBC4C67C6}.KE|Any CPU.Build.0 = KE|Any CPU
		{ED1DB273-86F8-4F14-99E4-EECCBC4C67C6}.Release|Any CPU.ActiveCfg = Release|Any CPU
		{ED1DB273-86F8-4F14-99E4-EECCBC4C67C6}.Release|Any CPU.Build.0 = Release|Any CPU
		{726CD8E7-6A88-4821-8C46-0502DFE1EA59}.Debug|Any CPU.ActiveCfg = Debug|Any CPU
		{726CD8E7-6A88-4821-8C46-0502DFE1EA59}.Debug|Any CPU.Build.0 = Debug|Any CPU
		{726CD8E7-6A88-4821-8C46-0502DFE1EA59}.JD|Any CPU.ActiveCfg = JD|Any CPU
		{726CD8E7-6A88-4821-8C46-0502DFE1EA59}.JD|Any CPU.Build.0 = JD|Any CPU
		{726CD8E7-6A88-4821-8C46-0502DFE1EA59}.JO|Any CPU.ActiveCfg = JO|Any CPU
		{726CD8E7-6A88-4821-8C46-0502DFE1EA59}.JO|Any CPU.Build.0 = JO|Any CPU
		{726CD8E7-6A88-4821-8C46-0502DFE1EA59}.KE|Any CPU.ActiveCfg = KE|Any CPU
		{726CD8E7-6A88-4821-8C46-0502DFE1EA59}.KE|Any CPU.Build.0 = KE|Any CPU
		{726CD8E7-6A88-4821-8C46-0502DFE1EA59}.Release|Any CPU.ActiveCfg = Release|Any CPU
		{726CD8E7-6A88-4821-8C46-0502DFE1EA59}.Release|Any CPU.Build.0 = Release|Any CPU
	EndGlobalSection
	GlobalSection(SolutionProperties) = preSolution
		HideSolutionNode = FALSE
	EndGlobalSection
	GlobalSection(NestedProjects) = preSolution
		{57F36643-724B-4FC2-A3AE-92377E5B5A95} = {7F1410A7-EAB6-460A-8E47-E0FE5D54E3EF}
		{ED1DB273-86F8-4F14-99E4-EECCBC4C67C6} = {7F1410A7-EAB6-460A-8E47-E0FE5D54E3EF}
		{726CD8E7-6A88-4821-8C46-0502DFE1EA59} = {7F1410A7-EAB6-460A-8E47-E0FE5D54E3EF}
		{CC3C08EC-AF32-4588-8F35-C6DCE0747C15} = {7F1410A7-EAB6-460A-8E47-E0FE5D54E3EF}
	EndGlobalSection
EndGlobal
